
Microsoft Visual Studio Solution File, Format Version 12.00
# Visual Studio Version 16
VisualStudioVersion = 16.0.31729.503
MinimumVisualStudioVersion = 10.0.40219.1
Project("{8BC9CEB8-8B4A-11D0-8D11-00A0C91BC942}") = "TemaSD3Pb5", "TemaSD3Pb5\TemaSD3Pb5.vcxproj", "{CD978BA3-7FDA-42D7-A78F-6FC0B4AEB446}"
EndProject
Global
	GlobalSection(SolutionConfigurationPlatforms) = preSolution
		Debug|x64 = Debug|x64
		Debug|x86 = Debug|x86
		Release|x64 = Release|x64
		Release|x86 = Release|x86
	EndGlobalSection
	GlobalSection(ProjectConfigurationPlatforms) = postSolution
		{CD978BA3-7FDA-42D7-A78F-6FC0B4AEB446}.Debug|x64.ActiveCfg = Debug|x64
		{CD978BA3-7FDA-42D7-A78F-6FC0B4AEB446}.Debug|x64.Build.0 = Debug|x64
		{CD978BA3-7FDA-42D7-A78F-6FC0B4AEB446}.Debug|x86.ActiveCfg = Debug|Win32
		{CD978BA3-7FDA-42D7-A78F-6FC0B4AEB446}.Debug|x86.Build.0 = Debug|Win32
		{CD978BA3-7FDA-42D7-A78F-6FC0B4AEB446}.Release|x64.ActiveCfg = Release|x64
		{CD978BA3-7FDA-42D7-A78F-6FC0B4AEB446}.Release|x64.Build.0 = Release|x64
		{CD978BA3-7FDA-42D7-A78F-6FC0B4AEB446}.Release|x86.ActiveCfg = Release|Win32
		{CD978BA3-7FDA-42D7-A78F-6FC0B4AEB446}.Release|x86.Build.0 = Release|Win32
	EndGlobalSection
	GlobalSection(SolutionProperties) = preSolution
		HideSolutionNode = FALSE
	EndGlobalSection
	GlobalSection(ExtensibilityGlobals) = postSolution
		SolutionGuid = {D7C716C5-617B-430F-82E0-6E3B9786AB64}
	EndGlobalSection
EndGlobal
